github.com/mwf/vgo-modules/a v0.1.0 h1:QD+ijrXwAYk4CMTOqEAzcogJoF4zLfit2alZVmT80EM=
github.com/mwf/vgo-modules/a v0.1.0/go.mod h1:XGJvSKC62ygHgRNmDf4RqXyp0zngXIJMLc6BaSfyTfI=
github.com/mwf/vgo-modules/a v0.2.0 h1:RLwRqKvufrERbvDUXnLZfNCOmTQ/SuPSIxDiAXS42O4=
github.com/mwf/vgo-modules/a v0.2.0/go.mod h1:XGJvSKC62ygHgRNmDf4RqXyp0zngXIJMLc6BaSfyTfI=
