github.com/mwf/vgo-modules/a v0.1.0 h1:QD+ijrXwAYk4CMTOqEAzcogJoF4zLfit2alZVmT80EM=
github.com/mwf/vgo-modules/a v0.1.0/go.mod h1:XGJvSKC62ygHgRNmDf4RqXyp0zngXIJMLc6BaSfyTfI=
github.com/mwf/vgo-modules/c v0.1.0 h1:db5PK5vzxlLviLcUsd1YCaLjG3+35hw6OMKSdVzqPMo=
github.com/mwf/vgo-modules/c v0.1.0/go.mod h1:qfiW4sL7v2Bnu6kBwvwxeVylzuPa6cxOldlsx2NCIRI=
